{
  "version": "2",
  "remote": {
    "https://deno.land/std@0.110.0/_util/os.ts": "dfb186cc4e968c770ab6cc3288bd65f4871be03b93beecae57d657232ecffcac",
    "https://deno.land/std@0.110.0/path/separator.ts": "8fdcf289b1b76fd726a508f57d3370ca029ae6976fcde5044007f062e643ff1c"
  },
  "npm": {
    "specifiers": {
      "chalk@5": "chalk@5.1.2",
      "commander@^9.4.1": "commander@9.4.1"
    },
    "packages": {
      "chalk@5.1.2": {
        "integrity": "sha512-E5CkT4jWURs1Vy5qGJye+XwCkNj7Od3Af7CP6SujMetSMkLs8Do2RWJK5yx1wamHV/op8Rz+9rltjaTQWDnEFQ==",
        "dependencies": {}
      },
      "commander@9.4.1": {
        "integrity": "sha512-5EEkTNyHNGFPD2H+c/dXXfQZYa/scCKasxWcXJaWnNJ99pnQN9Vnmqow+p+PlFPE63Q6mThaZws1T+HxfpgtPw==",
        "dependencies": {}
      }
    }
  }
}
